
Microsoft Visual Studio Solution File, Format Version 12.00
# Visual Studio Version 17
VisualStudioVersion = 17.5.002.0
MinimumVisualStudioVersion = 10.0.40219.1
Project("{2150E333-8FDC-42A3-9474-1A3956D46DE8}") = "Day6", "Day6", "{D87979C3-1770-49DE-B2AE-98939EB0ABB8}"
EndProject
Project("{9A19103F-16F7-4668-BE54-9A1E7A4F7556}") = "AdventOfCode", "Day6\AdventOfCode\AdventOfCode.csproj", "{1CEA527C-C3E0-4AC7-9A1B-0FAB5F98ECC9}"
EndProject
Global
	GlobalSection(SolutionConfigurationPlatforms) = preSolution
		Debug|Any CPU = Debug|Any CPU
		Release|Any CPU = Release|Any CPU
	EndGlobalSection
	GlobalSection(ProjectConfigurationPlatforms) = postSolution
		{1CEA527C-C3E0-4AC7-9A1B-0FAB5F98ECC9}.Debug|Any CPU.ActiveCfg = Debug|Any CPU
		{1CEA527C-C3E0-4AC7-9A1B-0FAB5F98ECC9}.Debug|Any CPU.Build.0 = Debug|Any CPU
		{1CEA527C-C3E0-4AC7-9A1B-0FAB5F98ECC9}.Release|Any CPU.ActiveCfg = Release|Any CPU
		{1CEA527C-C3E0-4AC7-9A1B-0FAB5F98ECC9}.Release|Any CPU.Build.0 = Release|Any CPU
	EndGlobalSection
	GlobalSection(SolutionProperties) = preSolution
		HideSolutionNode = FALSE
	EndGlobalSection
	GlobalSection(NestedProjects) = preSolution
		{1CEA527C-C3E0-4AC7-9A1B-0FAB5F98ECC9} = {D87979C3-1770-49DE-B2AE-98939EB0ABB8}
	EndGlobalSection
	GlobalSection(ExtensibilityGlobals) = postSolution
		SolutionGuid = {3759C76E-6B9C-409A-984A-9F5B3466AE79}
	EndGlobalSection
EndGlobal
